
Microsoft Visual Studio Solution File, Format Version 12.00
# Visual Studio Version 17
VisualStudioVersion = 17.5.33502.453
MinimumVisualStudioVersion = 10.0.40219.1
Project("{FAE04EC0-301F-11D3-BF4B-00C04F79EFBC}") = "API", "API\API.csproj", "{24C70E27-D491-4CDC-92C8-1091ECF4D95A}"
EndProject
Project("{FAE04EC0-301F-11D3-BF4B-00C04F79EFBC}") = "Application", "Application\Application.csproj", "{1C0879B7-A9D7-4657-A285-7606893FA5ED}"
EndProject
Project("{FAE04EC0-301F-11D3-BF4B-00C04F79EFBC}") = "Domain", "Domain\Domain.csproj", "{6F4D894F-083F-4F01-873B-4F833A1A43B1}"
EndProject
Project("{FAE04EC0-301F-11D3-BF4B-00C04F79EFBC}") = "Persistence", "Persistence\Persistence.csproj", "{026DB371-7038-4F59-BF40-4E2087B6FE84}"
EndProject
Global
	GlobalSection(SolutionConfigurationPlatforms) = preSolution
		Debug|Any CPU = Debug|Any CPU
		Release|Any CPU = Release|Any CPU
	EndGlobalSection
	GlobalSection(ProjectConfigurationPlatforms) = postSolution
		{24C70E27-D491-4CDC-92C8-1091ECF4D95A}.Debug|Any CPU.ActiveCfg = Debug|Any CPU
		{24C70E27-D491-4CDC-92C8-1091ECF4D95A}.Debug|Any CPU.Build.0 = Debug|Any CPU
		{24C70E27-D491-4CDC-92C8-1091ECF4D95A}.Release|Any CPU.ActiveCfg = Release|Any CPU
		{24C70E27-D491-4CDC-92C8-1091ECF4D95A}.Release|Any CPU.Build.0 = Release|Any CPU
		{1C0879B7-A9D7-4657-A285-7606893FA5ED}.Debug|Any CPU.ActiveCfg = Debug|Any CPU
		{1C0879B7-A9D7-4657-A285-7606893FA5ED}.Debug|Any CPU.Build.0 = Debug|Any CPU
		{1C0879B7-A9D7-4657-A285-7606893FA5ED}.Release|Any CPU.ActiveCfg = Release|Any CPU
		{1C0879B7-A9D7-4657-A285-7606893FA5ED}.Release|Any CPU.Build.0 = Release|Any CPU
		{6F4D894F-083F-4F01-873B-4F833A1A43B1}.Debug|Any CPU.ActiveCfg = Debug|Any CPU
		{6F4D894F-083F-4F01-873B-4F833A1A43B1}.Debug|Any CPU.Build.0 = Debug|Any CPU
		{6F4D894F-083F-4F01-873B-4F833A1A43B1}.Release|Any CPU.ActiveCfg = Release|Any CPU
		{6F4D894F-083F-4F01-873B-4F833A1A43B1}.Release|Any CPU.Build.0 = Release|Any CPU
		{026DB371-7038-4F59-BF40-4E2087B6FE84}.Debug|Any CPU.ActiveCfg = Debug|Any CPU
		{026DB371-7038-4F59-BF40-4E2087B6FE84}.Debug|Any CPU.Build.0 = Debug|Any CPU
		{026DB371-7038-4F59-BF40-4E2087B6FE84}.Release|Any CPU.ActiveCfg = Release|Any CPU
		{026DB371-7038-4F59-BF40-4E2087B6FE84}.Release|Any CPU.Build.0 = Release|Any CPU
	EndGlobalSection
	GlobalSection(SolutionProperties) = preSolution
		HideSolutionNode = FALSE
	EndGlobalSection
	GlobalSection(ExtensibilityGlobals) = postSolution
		SolutionGuid = {33E4C7EF-AE52-4FA1-9A22-0EF29BE58491}
	EndGlobalSection
EndGlobal
